
Microsoft Visual Studio Solution File, Format Version 12.00
# Visual Studio Version 17
VisualStudioVersion = 17.9.34622.214
MinimumVisualStudioVersion = 10.0.40219.1
Project("{2150E333-8FDC-42A3-9474-1A3956D46DE8}") = "Services", "Services", "{7B5E1F5B-48F6-469D-8877-DA7907504D59}"
EndProject
Project("{2150E333-8FDC-42A3-9474-1A3956D46DE8}") = "Catalog", "Catalog", "{191F0E19-A626-41B4-8555-C1F99C0C20C5}"
EndProject
Project("{9A19103F-16F7-4668-BE54-9A1E7A4F7556}") = "MultiShop.Catalog", "Services\Catalog\MultiShop.Catalog\MultiShop.Catalog.csproj", "{67907BEF-9A2E-463B-95E9-C7F2C75C84C8}"
EndProject
Project("{2150E333-8FDC-42A3-9474-1A3956D46DE8}") = "Discount", "Discount", "{2D56152E-82CE-4E30-ACD1-F64F59B31C3F}"
EndProject
Project("{9A19103F-16F7-4668-BE54-9A1E7A4F7556}") = "MultiShop.Discount", "Services\Discount\MultiShop.Discount\MultiShop.Discount.csproj", "{58207A0D-A10B-4E21-9127-14B51D47AA3C}"
EndProject
Project("{2150E333-8FDC-42A3-9474-1A3956D46DE8}") = "Order", "Order", "{3917D9FD-3169-4E77-9A68-37C3E65163CB}"
EndProject
Project("{2150E333-8FDC-42A3-9474-1A3956D46DE8}") = "Core", "Core", "{285E0983-965B-4AC3-8713-98FF579686C8}"
EndProject
Project("{2150E333-8FDC-42A3-9474-1A3956D46DE8}") = "Infastructure", "Infastructure", "{0DB1F7C4-33DD-4FAD-AE46-387CE539CDD9}"
EndProject
Project("{2150E333-8FDC-42A3-9474-1A3956D46DE8}") = "Presentation", "Presentation", "{819EBA7D-F1AB-4BCD-9378-524F48F9975C}"
EndProject
Project("{9A19103F-16F7-4668-BE54-9A1E7A4F7556}") = "MultiShop.Order.Domain", "Services\Order\Core\MultiShop.Order.Domain\MultiShop.Order.Domain.csproj", "{0A3A0D09-ED70-48DE-89A5-29CAE83627F8}"
EndProject
Project("{9A19103F-16F7-4668-BE54-9A1E7A4F7556}") = "MultiShop.Order.Application", "Services\Order\Core\MultiShop.Order.Application\MultiShop.Order.Application.csproj", "{1C4AE47A-99ED-4A05-A410-A5266D1C2018}"
EndProject
Project("{9A19103F-16F7-4668-BE54-9A1E7A4F7556}") = "MultiShop.Order.Persistance", "Services\Order\Infrastructure\MultiShop.Order.Persistance\MultiShop.Order.Persistance.csproj", "{0C03AFE9-2CCA-43EE-B481-8D340FB94134}"
EndProject
Project("{9A19103F-16F7-4668-BE54-9A1E7A4F7556}") = "MutliShop.Order.WebAPI", "Services\Order\Presentation\MutliShop.Order.WebAPI\MutliShop.Order.WebAPI.csproj", "{B3072ED6-7A82-40F9-955B-AC2982F6BD51}"
EndProject
Project("{2150E333-8FDC-42A3-9474-1A3956D46DE8}") = "IdentityServer", "IdentityServer", "{1C1C3A44-0D21-494C-B6C8-FA03BF7E9DF8}"
EndProject
Project("{9A19103F-16F7-4668-BE54-9A1E7A4F7556}") = "MultiShop.IdentityServer", "IdentityServer\MultiShop.IdentityServer\MultiShop.IdentityServer.csproj", "{09FC1E8F-F0F0-4D25-A398-9D1253FACEC0}"
EndProject
Global
	GlobalSection(SolutionConfigurationPlatforms) = preSolution
		Debug|Any CPU = Debug|Any CPU
		Release|Any CPU = Release|Any CPU
	EndGlobalSection
	GlobalSection(ProjectConfigurationPlatforms) = postSolution
		{67907BEF-9A2E-463B-95E9-C7F2C75C84C8}.Debug|Any CPU.ActiveCfg = Debug|Any CPU
		{67907BEF-9A2E-463B-95E9-C7F2C75C84C8}.Debug|Any CPU.Build.0 = Debug|Any CPU
		{67907BEF-9A2E-463B-95E9-C7F2C75C84C8}.Release|Any CPU.ActiveCfg = Release|Any CPU
		{67907BEF-9A2E-463B-95E9-C7F2C75C84C8}.Release|Any CPU.Build.0 = Release|Any CPU
		{58207A0D-A10B-4E21-9127-14B51D47AA3C}.Debug|Any CPU.ActiveCfg = Debug|Any CPU
		{58207A0D-A10B-4E21-9127-14B51D47AA3C}.Debug|Any CPU.Build.0 = Debug|Any CPU
		{58207A0D-A10B-4E21-9127-14B51D47AA3C}.Release|Any CPU.ActiveCfg = Release|Any CPU
		{58207A0D-A10B-4E21-9127-14B51D47AA3C}.Release|Any CPU.Build.0 = Release|Any CPU
		{0A3A0D09-ED70-48DE-89A5-29CAE83627F8}.Debug|Any CPU.ActiveCfg = Debug|Any CPU
		{0A3A0D09-ED70-48DE-89A5-29CAE83627F8}.Debug|Any CPU.Build.0 = Debug|Any CPU
		{0A3A0D09-ED70-48DE-89A5-29CAE83627F8}.Release|Any CPU.ActiveCfg = Release|Any CPU
		{0A3A0D09-ED70-48DE-89A5-29CAE83627F8}.Release|Any CPU.Build.0 = Release|Any CPU
		{1C4AE47A-99ED-4A05-A410-A5266D1C2018}.Debug|Any CPU.ActiveCfg = Debug|Any CPU
		{1C4AE47A-99ED-4A05-A410-A5266D1C2018}.Debug|Any CPU.Build.0 = Debug|Any CPU
		{1C4AE47A-99ED-4A05-A410-A5266D1C2018}.Release|Any CPU.ActiveCfg = Release|Any CPU
		{1C4AE47A-99ED-4A05-A410-A5266D1C2018}.Release|Any CPU.Build.0 = Release|Any CPU
		{0C03AFE9-2CCA-43EE-B481-8D340FB94134}.Debug|Any CPU.ActiveCfg = Debug|Any CPU
		{0C03AFE9-2CCA-43EE-B481-8D340FB94134}.Debug|Any CPU.Build.0 = Debug|Any CPU
		{0C03AFE9-2CCA-43EE-B481-8D340FB94134}.Release|Any CPU.ActiveCfg = Release|Any CPU
		{0C03AFE9-2CCA-43EE-B481-8D340FB94134}.Release|Any CPU.Build.0 = Release|Any CPU
		{B3072ED6-7A82-40F9-955B-AC2982F6BD51}.Debug|Any CPU.ActiveCfg = Debug|Any CPU
		{B3072ED6-7A82-40F9-955B-AC2982F6BD51}.Debug|Any CPU.Build.0 = Debug|Any CPU
		{B3072ED6-7A82-40F9-955B-AC2982F6BD51}.Release|Any CPU.ActiveCfg = Release|Any CPU
		{B3072ED6-7A82-40F9-955B-AC2982F6BD51}.Release|Any CPU.Build.0 = Release|Any CPU
		{09FC1E8F-F0F0-4D25-A398-9D1253FACEC0}.Debug|Any CPU.ActiveCfg = Debug|Any CPU
		{09FC1E8F-F0F0-4D25-A398-9D1253FACEC0}.Debug|Any CPU.Build.0 = Debug|Any CPU
		{09FC1E8F-F0F0-4D25-A398-9D1253FACEC0}.Release|Any CPU.ActiveCfg = Release|Any CPU
		{09FC1E8F-F0F0-4D25-A398-9D1253FACEC0}.Release|Any CPU.Build.0 = Release|Any CPU
	EndGlobalSection
	GlobalSection(SolutionProperties) = preSolution
		HideSolutionNode = FALSE
	EndGlobalSection
	GlobalSection(NestedProjects) = preSolution
		{191F0E19-A626-41B4-8555-C1F99C0C20C5} = {7B5E1F5B-48F6-469D-8877-DA7907504D59}
		{67907BEF-9A2E-463B-95E9-C7F2C75C84C8} = {191F0E19-A626-41B4-8555-C1F99C0C20C5}
		{2D56152E-82CE-4E30-ACD1-F64F59B31C3F} = {7B5E1F5B-48F6-469D-8877-DA7907504D59}
		{58207A0D-A10B-4E21-9127-14B51D47AA3C} = {2D56152E-82CE-4E30-ACD1-F64F59B31C3F}
		{3917D9FD-3169-4E77-9A68-37C3E65163CB} = {7B5E1F5B-48F6-469D-8877-DA7907504D59}
		{285E0983-965B-4AC3-8713-98FF579686C8} = {3917D9FD-3169-4E77-9A68-37C3E65163CB}
		{0DB1F7C4-33DD-4FAD-AE46-387CE539CDD9} = {3917D9FD-3169-4E77-9A68-37C3E65163CB}
		{819EBA7D-F1AB-4BCD-9378-524F48F9975C} = {3917D9FD-3169-4E77-9A68-37C3E65163CB}
		{0A3A0D09-ED70-48DE-89A5-29CAE83627F8} = {285E0983-965B-4AC3-8713-98FF579686C8}
		{1C4AE47A-99ED-4A05-A410-A5266D1C2018} = {285E0983-965B-4AC3-8713-98FF579686C8}
		{0C03AFE9-2CCA-43EE-B481-8D340FB94134} = {0DB1F7C4-33DD-4FAD-AE46-387CE539CDD9}
		{B3072ED6-7A82-40F9-955B-AC2982F6BD51} = {819EBA7D-F1AB-4BCD-9378-524F48F9975C}
		{09FC1E8F-F0F0-4D25-A398-9D1253FACEC0} = {1C1C3A44-0D21-494C-B6C8-FA03BF7E9DF8}
	EndGlobalSection
	GlobalSection(ExtensibilityGlobals) = postSolution
		SolutionGuid = {08E54C6D-AB7F-4C86-AA06-B964E8E97D44}
	EndGlobalSection
EndGlobal
